
Microsoft Visual Studio Solution File, Format Version 12.00
# Visual Studio Version 16
VisualStudioVersion = 16.0.29020.237
MinimumVisualStudioVersion = 10.0.40219.1
Project("{FAE04EC0-301F-11D3-BF4B-00C04F79EFBC}") = "Lecture_12", "Lecture_12\Lecture_12.csproj", "{91D60D58-6A36-4798-9451-73F837C36237}"
EndProject
Global
	GlobalSection(SolutionConfigurationPlatforms) = preSolution
		Debug|Any CPU = Debug|Any CPU
		Release|Any CPU = Release|Any CPU
	EndGlobalSection
	GlobalSection(ProjectConfigurationPlatforms) = postSolution
		{91D60D58-6A36-4798-9451-73F837C36237}.Debug|Any CPU.ActiveCfg = Debug|Any CPU
		{91D60D58-6A36-4798-9451-73F837C36237}.Debug|Any CPU.Build.0 = Debug|Any CPU
		{91D60D58-6A36-4798-9451-73F837C36237}.Release|Any CPU.ActiveCfg = Release|Any CPU
		{91D60D58-6A36-4798-9451-73F837C36237}.Release|Any CPU.Build.0 = Release|Any CPU
	EndGlobalSection
	GlobalSection(SolutionProperties) = preSolution
		HideSolutionNode = FALSE
	EndGlobalSection
	GlobalSection(ExtensibilityGlobals) = postSolution
		SolutionGuid = {D2C5BD91-C82A-4A29-AB02-8E1A48098A25}
	EndGlobalSection
EndGlobal
